
Microsoft Visual Studio Solution File, Format Version 12.00
# Visual Studio 14
VisualStudioVersion = 14.0.22609.0
MinimumVisualStudioVersion = 10.0.40219.1
Project("{FAE04EC0-301F-11D3-BF4B-00C04F79EFBC}") = "HelloService", "HelloService\HelloService.csproj", "{FADBFF3A-7801-4D1C-B3D0-F11D0DC576AE}"
EndProject
Global
	GlobalSection(SolutionConfigurationPlatforms) = preSolution
		Debug|Any CPU = Debug|Any CPU
		Release|Any CPU = Release|Any CPU
	EndGlobalSection
	GlobalSection(ProjectConfigurationPlatforms) = postSolution
		{FADBFF3A-7801-4D1C-B3D0-F11D0DC576AE}.Debug|Any CPU.ActiveCfg = Debug|Any CPU
		{FADBFF3A-7801-4D1C-B3D0-F11D0DC576AE}.Debug|Any CPU.Build.0 = Debug|Any CPU
		{FADBFF3A-7801-4D1C-B3D0-F11D0DC576AE}.Release|Any CPU.ActiveCfg = Release|Any CPU
		{FADBFF3A-7801-4D1C-B3D0-F11D0DC576AE}.Release|Any CPU.Build.0 = Release|Any CPU
	EndGlobalSection
	GlobalSection(SolutionProperties) = preSolution
		HideSolutionNode = FALSE
	EndGlobalSection
EndGlobal
